// !$*UTF8*$!
{
	archiveVersion = 1;
	classes = {
	};
	objectVersion = 50;
	objects = {

/* Begin PBXBuildFile section */
		6F268A2B21D6B30800816DCE /* ToDoTableViewController.swift in Sources */ = {isa = PBXBuildFile; fileRef = 6F268A2A21D6B30800816DCE /* ToDoTableViewController.swift */; };
		6F802CF621B405D200430D7B /* AppDelegate.swift in Sources */ = {isa = PBXBuildFile; fileRef = 6F802CF521B405D200430D7B /* AppDelegate.swift */; };
		6F802CF821B405D200430D7B /* ViewController.swift in Sources */ = {isa = PBXBuildFile; fileRef = 6F802CF721B405D200430D7B /* ViewController.swift */; };
		6F802CFB21B405D200430D7B /* Main.storyboard in Resources */ = {isa = PBXBuildFile; fileRef = 6F802CF921B405D200430D7B /* Main.storyboard */; };
		6F802CFE21B405D200430D7B /* GetYourFavouritePlaces.xcdatamodeld in Sources */ = {isa = PBXBuildFile; fileRef = 6F802CFC21B405D200430D7B /* GetYourFavouritePlaces.xcdatamodeld */; };
		6F802D0021B405DC00430D7B /* Assets.xcassets in Resources */ = {isa = PBXBuildFile; fileRef = 6F802CFF21B405DC00430D7B /* Assets.xcassets */; };
		6F802D0321B405DC00430D7B /* LaunchScreen.storyboard in Resources */ = {isa = PBXBuildFile; fileRef = 6F802D0121B405DC00430D7B /* LaunchScreen.storyboard */; };
		6F802D0F21B415A200430D7B /* FavouritesViewController.swift in Sources */ = {isa = PBXBuildFile; fileRef = 6F802D0E21B415A200430D7B /* FavouritesViewController.swift */; };
		6F802D1121B415BB00430D7B /* AddViewController.swift in Sources */ = {isa = PBXBuildFile; fileRef = 6F802D1021B415BB00430D7B /* AddViewController.swift */; };
		6F8B459721D792030018511E /* ToDoItem.swift in Sources */ = {isa = PBXBuildFile; fileRef = 6F8B459621D792020018511E /* ToDoItem.swift */; };
		6FB4174B21BC04D3007E1F93 /* FavouritePlace.swift in Sources */ = {isa = PBXBuildFile; fileRef = 6FB4174A21BC04D3007E1F93 /* FavouritePlace.swift */; };
/* End PBXBuildFile section */

/* Begin PBXFileReference section */
		6F268A2A21D6B30800816DCE /* ToDoTableViewController.swift */ = {isa = PBXFileReference; lastKnownFileType = sourcecode.swift; path = ToDoTableViewController.swift; sourceTree = "<group>"; };
		6F802CF221B405D200430D7B /* GetYourFavouritePlaces.app */ = {isa = PBXFileReference; explicitFileType = wrapper.application; includeInIndex = 0; path = GetYourFavouritePlaces.app; sourceTree = BUILT_PRODUCTS_DIR; };
		6F802CF521B405D200430D7B /* AppDelegate.swift */ = {isa = PBXFileReference; lastKnownFileType = sourcecode.swift; path = AppDelegate.swift; sourceTree = "<group>"; };
		6F802CF721B405D200430D7B /* ViewController.swift */ = {isa = PBXFileReference; lastKnownFileType = sourcecode.swift; path = ViewController.swift; sourceTree = "<group>"; };
		6F802CFA21B405D200430D7B /* Base */ = {isa = PBXFileReference; lastKnownFileType = file.storyboard; name = Base; path = Base.lproj/Main.storyboard; sourceTree = "<group>"; };
		6F802CFD21B405D200430D7B /* GetYourFavouritePlaces.xcdatamodel */ = {isa = PBXFileReference; lastKnownFileType = wrapper.xcdatamodel; path = GetYourFavouritePlaces.xcdatamodel; sourceTree = "<group>"; };
		6F802CFF21B405DC00430D7B /* Assets.xcassets */ = {isa = PBXFileReference; lastKnownFileType = folder.assetcatalog; path = Assets.xcassets; sourceTree = "<group>"; };
		6F802D0221B405DC00430D7B /* Base */ = {isa = PBXFileReference; lastKnownFileType = file.storyboard; name = Base; path = Base.lproj/LaunchScreen.storyboard; sourceTree = "<group>"; };
		6F802D0421B405DC00430D7B /* Info.plist */ = {isa = PBXFileReference; lastKnownFileType = text.plist.xml; path = Info.plist; sourceTree = "<group>"; };
		6F802D0E21B415A200430D7B /* FavouritesViewController.swift */ = {isa = PBXFileReference; lastKnownFileType = sourcecode.swift; path = FavouritesViewController.swift; sourceTree = "<group>"; };
		6F802D1021B415BB00430D7B /* AddViewController.swift */ = {isa = PBXFileReference; lastKnownFileType = sourcecode.swift; path = AddViewController.swift; sourceTree = "<group>"; };
		6F8B459621D792020018511E /* ToDoItem.swift */ = {isa = PBXFileReference; lastKnownFileType = sourcecode.swift; path = ToDoItem.swift; sourceTree = "<group>"; };
		6FB4174A21BC04D3007E1F93 /* FavouritePlace.swift */ = {isa = PBXFileReference; lastKnownFileType = sourcecode.swift; name = FavouritePlace.swift; path = "/Users/aleksandrakonopka/Desktop/SwiatecznaPraca 14/GetYourFavouritePlaces/GetYourFavouritePlaces/Model/FavouritePlace.swift"; sourceTree = "<absolute>"; };
/* End PBXFileReference section */

/* Begin PBXFrameworksBuildPhase section */
		6F802CEF21B405D200430D7B /* Frameworks */ = {
			isa = PBXFrameworksBuildPhase;
			buildActionMask = 2147483647;
			files = (
			);
			runOnlyForDeploymentPostprocessing = 0;
		};
/* End PBXFrameworksBuildPhase section */

/* Begin PBXGroup section */
		6F0ED6A121DE1CFF007BF7DE /* Model */ = {
			isa = PBXGroup;
			children = (
				6FB4174A21BC04D3007E1F93 /* FavouritePlace.swift */,
				6F8B459621D792020018511E /* ToDoItem.swift */,
			);
			path = Model;
			sourceTree = "<group>";
		};
		6F0ED6A221DE1D5C007BF7DE /* View */ = {
			isa = PBXGroup;
			children = (
				6F802CF921B405D200430D7B /* Main.storyboard */,
			);
			path = View;
			sourceTree = "<group>";
		};
		6F0ED6A321DE1D67007BF7DE /* Controller */ = {
			isa = PBXGroup;
			children = (
				6F802D1021B415BB00430D7B /* AddViewController.swift */,
				6F802D0E21B415A200430D7B /* FavouritesViewController.swift */,
				6F802CF721B405D200430D7B /* ViewController.swift */,
				6F268A2A21D6B30800816DCE /* ToDoTableViewController.swift */,
			);
			path = Controller;
			sourceTree = "<group>";
		};
		6F802CE921B405D200430D7B = {
			isa = PBXGroup;
			children = (
				6F802CF421B405D200430D7B /* GetYourFavouritePlaces */,
				6F802CF321B405D200430D7B /* Products */,
			);
			sourceTree = "<group>";
		};
		6F802CF321B405D200430D7B /* Products */ = {
			isa = PBXGroup;
			children = (
				6F802CF221B405D200430D7B /* GetYourFavouritePlaces.app */,
			);
			name = Products;
			sourceTree = "<group>";
		};
		6F802CF421B405D200430D7B /* GetYourFavouritePlaces */ = {
			isa = PBXGroup;
			children = (
				6F0ED6A321DE1D67007BF7DE /* Controller */,
				6F0ED6A221DE1D5C007BF7DE /* View */,
				6F0ED6A121DE1CFF007BF7DE /* Model */,
				6F802CF521B405D200430D7B /* AppDelegate.swift */,
				6F802CFF21B405DC00430D7B /* Assets.xcassets */,
				6F802D0121B405DC00430D7B /* LaunchScreen.storyboard */,
				6F802D0421B405DC00430D7B /* Info.plist */,
				6F802CFC21B405D200430D7B /* GetYourFavouritePlaces.xcdatamodeld */,
			);
			path = GetYourFavouritePlaces;
			sourceTree = "<group>";
		};
/* End PBXGroup section */

/* Begin PBXNativeTarget section */
		6F802CF121B405D200430D7B /* GetYourFavouritePlaces */ = {
			isa = PBXNativeTarget;
			buildConfigurationList = 6F802D0721B405DC00430D7B /* Build configuration list for PBXNativeTarget "GetYourFavouritePlaces" */;
			buildPhases = (
				6F802CEE21B405D200430D7B /* Sources */,
				6F802CEF21B405D200430D7B /* Frameworks */,
				6F802CF021B405D200430D7B /* Resources */,
			);
			buildRules = (
			);
			dependencies = (
			);
			name = GetYourFavouritePlaces;
			productName = GetYourFavouritePlaces;
			productReference = 6F802CF221B405D200430D7B /* GetYourFavouritePlaces.app */;
			productType = "com.apple.product-type.application";
		};
/* End PBXNativeTarget section */

/* Begin PBXProject section */
		6F802CEA21B405D200430D7B /* Project object */ = {
			isa = PBXProject;
			attributes = {
				LastSwiftUpdateCheck = 1010;
				LastUpgradeCheck = 1010;
				ORGANIZATIONNAME = "Aleksandra Konopka";
				TargetAttributes = {
					6F802CF121B405D200430D7B = {
						CreatedOnToolsVersion = 10.1;
					};
				};
			};
			buildConfigurationList = 6F802CED21B405D200430D7B /* Build configuration list for PBXProject "GetYourFavouritePlaces" */;
			compatibilityVersion = "Xcode 9.3";
			developmentRegion = en;
			hasScannedForEncodings = 0;
			knownRegions = (
				en,
				Base,
			);
			mainGroup = 6F802CE921B405D200430D7B;
			productRefGroup = 6F802CF321B405D200430D7B /* Products */;
			projectDirPath = "";
			projectRoot = "";
			targets = (
				6F802CF121B405D200430D7B /* GetYourFavouritePlaces */,
			);
		};
/* End PBXProject section */

/* Begin PBXResourcesBuildPhase section */
		6F802CF021B405D200430D7B /* Resources */ = {
			isa = PBXResourcesBuildPhase;
			buildActionMask = 2147483647;
			files = (
				6F802D0321B405DC00430D7B /* LaunchScreen.storyboard in Resources */,
				6F802D0021B405DC00430D7B /* Assets.xcassets in Resources */,
				6F802CFB21B405D200430D7B /* Main.storyboard in Resources */,
			);
			runOnlyForDeploymentPostprocessing = 0;
		};
/* End PBXResourcesBuildPhase section */

/* Begin PBXSourcesBuildPhase section */
		6F802CEE21B405D200430D7B /* Sources */ = {
			isa = PBXSourcesBuildPhase;
			buildActionMask = 2147483647;
			files = (
				6F802D1121B415BB00430D7B /* AddViewController.swift in Sources */,
				6F802D0F21B415A200430D7B /* FavouritesViewController.swift in Sources */,
				6F268A2B21D6B30800816DCE /* ToDoTableViewController.swift in Sources */,
				6F802CFE21B405D200430D7B /* GetYourFavouritePlaces.xcdatamodeld in Sources */,
				6F802CF821B405D200430D7B /* ViewController.swift in Sources */,
				6F802CF621B405D200430D7B /* AppDelegate.swift in Sources */,
				6F8B459721D792030018511E /* ToDoItem.swift in Sources */,
				6FB4174B21BC04D3007E1F93 /* FavouritePlace.swift in Sources */,
			);
			runOnlyForDeploymentPostprocessing = 0;
		};
/* End PBXSourcesBuildPhase section */

/* Begin PBXVariantGroup section */
		6F802CF921B405D200430D7B /* Main.storyboard */ = {
			isa = PBXVariantGroup;
			children = (
				6F802CFA21B405D200430D7B /* Base */,
			);
			name = Main.storyboard;
			sourceTree = "<group>";
		};
		6F802D0121B405DC00430D7B /* LaunchScreen.storyboard */ = {
			isa = PBXVariantGroup;
			children = (
				6F802D0221B405DC00430D7B /* Base */,
			);
			name = LaunchScreen.storyboard;
			sourceTree = "<group>";
		};
/* End PBXVariantGroup section */

/* Begin XCBuildConfiguration section */
		6F802D0521B405DC00430D7B /* Debug */ = {
			isa = XCBuildConfiguration;
			buildSettings = {
				ALWAYS_SEARCH_USER_PATHS = NO;
				CLANG_ANALYZER_NONNULL = YES;
				CLANG_ANALYZER_NUMBER_OBJECT_CONVERSION = YES_AGGRESSIVE;
				CLANG_CXX_LANGUAGE_STANDARD = "gnu++14";
				CLANG_CXX_LIBRARY = "libc++";
				CLANG_ENABLE_MODULES = YES;
				CLANG_ENABLE_OBJC_ARC = YES;
				CLANG_ENABLE_OBJC_WEAK = YES;
				CLANG_WARN_BLOCK_CAPTURE_AUTORELEASING = YES;
				CLANG_WARN_BOOL_CONVERSION = YES;
				CLANG_WARN_COMMA = YES;
				CLANG_WARN_CONSTANT_CONVERSION = YES;
				CLANG_WARN_DEPRECATED_OBJC_IMPLEMENTATIONS = YES;
				CLANG_WARN_DIRECT_OBJC_ISA_USAGE = YES_ERROR;
				CLANG_WARN_DOCUMENTATION_COMMENTS = YES;
				CLANG_WARN_EMPTY_BODY = YES;
				CLANG_WARN_ENUM_CONVERSION = YES;
				CLANG_WARN_INFINITE_RECURSION = YES;
				CLANG_WARN_INT_CONVERSION = YES;
				CLANG_WARN_NON_LITERAL_NULL_CONVERSION = YES;
				CLANG_WARN_OBJC_IMPLICIT_RETAIN_SELF = YES;
				CLANG_WARN_OBJC_LITERAL_CONVERSION = YES;
				CLANG_WARN_OBJC_ROOT_CLASS = YES_ERROR;
				CLANG_WARN_RANGE_LOOP_ANALYSIS = YES;
				CLANG_WARN_STRICT_PROTOTYPES = YES;
				CLANG_WARN_SUSPICIOUS_MOVE = YES;
				CLANG_WARN_UNGUARDED_AVAILABILITY = YES_AGGRESSIVE;
				CLANG_WARN_UNREACHABLE_CODE = YES;
				CLANG_WARN__DUPLICATE_METHOD_MATCH = YES;
				CODE_SIGN_IDENTITY = "iPhone Developer";
				COPY_PHASE_STRIP = NO;
				DEBUG_INFORMATION_FORMAT = dwarf;
				ENABLE_STRICT_OBJC_MSGSEND = YES;
				ENABLE_TESTABILITY = YES;
				GCC_C_LANGUAGE_STANDARD = gnu11;
				GCC_DYNAMIC_NO_PIC = NO;
				GCC_NO_COMMON_BLOCKS = YES;
				GCC_OPTIMIZATION_LEVEL = 0;
				GCC_PREPROCESSOR_DEFINITIONS = (
					"DEBUG=1",
					"$(inherited)",
				);
				GCC_WARN_64_TO_32_BIT_CONVERSION = YES;
				GCC_WARN_ABOUT_RETURN_TYPE = YES_ERROR;
				GCC_WARN_UNDECLARED_SELECTOR = YES;
				GCC_WARN_UNINITIALIZED_AUTOS = YES_AGGRESSIVE;
				GCC_WARN_UNUSED_FUNCTION = YES;
				GCC_WARN_UNUSED_VARIABLE = YES;
				IPHONEOS_DEPLOYMENT_TARGET = 12.1;
				MTL_ENABLE_DEBUG_INFO = INCLUDE_SOURCE;
				MTL_FAST_MATH = YES;
				ONLY_ACTIVE_ARCH = YES;
				SDKROOT = iphoneos;
				SWIFT_ACTIVE_COMPILATION_CONDITIONS = DEBUG;
				SWIFT_OPTIMIZATION_LEVEL = "-Onone";
			};
			name = Debug;
		};
		6F802D0621B405DC00430D7B /* Release */ = {
			isa = XCBuildConfiguration;
			buildSettings = {
				ALWAYS_SEARCH_USER_PATHS = NO;
				CLANG_ANALYZER_NONNULL = YES;
				CLANG_ANALYZER_NUMBER_OBJECT_CONVERSION = YES_AGGRESSIVE;
				CLANG_CXX_LANGUAGE_STANDARD = "gnu++14";
				CLANG_CXX_LIBRARY = "libc++";
				CLANG_ENABLE_MODULES = YES;
				CLANG_ENABLE_OBJC_ARC = YES;
				CLANG_ENABLE_OBJC_WEAK = YES;
				CLANG_WARN_BLOCK_CAPTURE_AUTORELEASING = YES;
				CLANG_WARN_BOOL_CONVERSION = YES;
				CLANG_WARN_COMMA = YES;
				CLANG_WARN_CONSTANT_CONVERSION = YES;
				CLANG_WARN_DEPRECATED_OBJC_IMPLEMENTATIONS = YES;
				CLANG_WARN_DIRECT_OBJC_ISA_USAGE = YES_ERROR;
				CLANG_WARN_DOCUMENTATION_COMMENTS = YES;
				CLANG_WARN_EMPTY_BODY = YES;
				CLANG_WARN_ENUM_CONVERSION = YES;
				CLANG_WARN_INFINITE_RECURSION = YES;
				CLANG_WARN_INT_CONVERSION = YES;
				CLANG_WARN_NON_LITERAL_NULL_CONVERSION = YES;
				CLANG_WARN_OBJC_IMPLICIT_RETAIN_SELF = YES;
				CLANG_WARN_OBJC_LITERAL_CONVERSION = YES;
				CLANG_WARN_OBJC_ROOT_CLASS = YES_ERROR;
				CLANG_WARN_RANGE_LOOP_ANALYSIS = YES;
				CLANG_WARN_STRICT_PROTOTYPES = YES;
				CLANG_WARN_SUSPICIOUS_MOVE = YES;
				CLANG_WARN_UNGUARDED_AVAILABILITY = YES_AGGRESSIVE;
				CLANG_WARN_UNREACHABLE_CODE = YES;
				CLANG_WARN__DUPLICATE_METHOD_MATCH = YES;
				CODE_SIGN_IDENTITY = "iPhone Developer";
				COPY_PHASE_STRIP = NO;
				DEBUG_INFORMATION_FORMAT = "dwarf-with-dsym";
				ENABLE_NS_ASSERTIONS = NO;
				ENABLE_STRICT_OBJC_MSGSEND = YES;
				GCC_C_LANGUAGE_STANDARD = gnu11;
				GCC_NO_COMMON_BLOCKS = YES;
				GCC_WARN_64_TO_32_BIT_CONVERSION = YES;
				GCC_WARN_ABOUT_RETURN_TYPE = YES_ERROR;
				GCC_WARN_UNDECLARED_SELECTOR = YES;
				GCC_WARN_UNINITIALIZED_AUTOS = YES_AGGRESSIVE;
				GCC_WARN_UNUSED_FUNCTION = YES;
				GCC_WARN_UNUSED_VARIABLE = YES;
				IPHONEOS_DEPLOYMENT_TARGET = 12.1;
				MTL_ENABLE_DEBUG_INFO = NO;
				MTL_FAST_MATH = YES;
				SDKROOT = iphoneos;
				SWIFT_COMPILATION_MODE = wholemodule;
				SWIFT_OPTIMIZATION_LEVEL = "-O";
				VALIDATE_PRODUCT = YES;
			};
			name = Release;
		};
		6F802D0821B405DC00430D7B /* Debug */ = {
			isa = XCBuildConfiguration;
			buildSettings = {
				ASSETCATALOG_COMPILER_APPICON_NAME = AppIcon;
				CODE_SIGN_STYLE = Automatic;
				DEVELOPMENT_TEAM = VDND3H3H34;
				INFOPLIST_FILE = GetYourFavouritePlaces/Info.plist;
				LD_RUNPATH_SEARCH_PATHS = (
					"$(inherited)",
					"@executable_path/Frameworks",
				);
				PRODUCT_BUNDLE_IDENTIFIER = com.aleksandrakonopka.GetYourFavouritePlaces;
				PRODUCT_NAME = "$(TARGET_NAME)";
				SWIFT_VERSION = 4.2;
				TARGETED_DEVICE_FAMILY = "1,2";
			};
			name = Debug;
		};
		6F802D0921B405DC00430D7B /* Release */ = {
			isa = XCBuildConfiguration;
			buildSettings = {
				ASSETCATALOG_COMPILER_APPICON_NAME = AppIcon;
				CODE_SIGN_STYLE = Automatic;
				DEVELOPMENT_TEAM = VDND3H3H34;
				INFOPLIST_FILE = GetYourFavouritePlaces/Info.plist;
				LD_RUNPATH_SEARCH_PATHS = (
					"$(inherited)",
					"@executable_path/Frameworks",
				);
				PRODUCT_BUNDLE_IDENTIFIER = com.aleksandrakonopka.GetYourFavouritePlaces;
				PRODUCT_NAME = "$(TARGET_NAME)";
				SWIFT_VERSION = 4.2;
				TARGETED_DEVICE_FAMILY = "1,2";
			};
			name = Release;
		};
/* End XCBuildConfiguration section */

/* Begin XCConfigurationList section */
		6F802CED21B405D200430D7B /* Build configuration list for PBXProject "GetYourFavouritePlaces" */ = {
			isa = XCConfigurationList;
			buildConfigurations = (
				6F802D0521B405DC00430D7B /* Debug */,
				6F802D0621B405DC00430D7B /* Release */,
			);
			defaultConfigurationIsVisible = 0;
			defaultConfigurationName = Release;
		};
		6F802D0721B405DC00430D7B /* Build configuration list for PBXNativeTarget "GetYourFavouritePlaces" */ = {
			isa = XCConfigurationList;
			buildConfigurations = (
				6F802D0821B405DC00430D7B /* Debug */,
				6F802D0921B405DC00430D7B /* Release */,
			);
			defaultConfigurationIsVisible = 0;
			defaultConfigurationName = Release;
		};
/* End XCConfigurationList section */

/* Begin XCVersionGroup section */
		6F802CFC21B405D200430D7B /* GetYourFavouritePlaces.xcdatamodeld */ = {
			isa = XCVersionGroup;
			children = (
				6F802CFD21B405D200430D7B /* GetYourFavouritePlaces.xcdatamodel */,
			);
			currentVersion = 6F802CFD21B405D200430D7B /* GetYourFavouritePlaces.xcdatamodel */;
			path = GetYourFavouritePlaces.xcdatamodeld;
			sourceTree = "<group>";
			versionGroupType = wrapper.xcdatamodel;
		};
/* End XCVersionGroup section */
	};
	rootObject = 6F802CEA21B405D200430D7B /* Project object */;
}
